
Microsoft Visual Studio Solution File, Format Version 12.00
# Visual Studio Version 17
VisualStudioVersion = 17.11.35312.102
MinimumVisualStudioVersion = 10.0.40219.1
Project("{FAE04EC0-301F-11D3-BF4B-00C04F79EFBC}") = "TravMateApp", "TravMateApp.csproj", "{7A19C7C9-8F2E-4727-BB64-3FDCDB4DA111}"
EndProject
Global
	GlobalSection(SolutionConfigurationPlatforms) = preSolution
		Debug|Any CPU = Debug|Any CPU
		Release|Any CPU = Release|Any CPU
	EndGlobalSection
	GlobalSection(ProjectConfigurationPlatforms) = postSolution
		{7A19C7C9-8F2E-4727-BB64-3FDCDB4DA111}.Debug|Any CPU.ActiveCfg = Debug|Any CPU
		{7A19C7C9-8F2E-4727-BB64-3FDCDB4DA111}.Debug|Any CPU.Build.0 = Debug|Any CPU
		{7A19C7C9-8F2E-4727-BB64-3FDCDB4DA111}.Release|Any CPU.ActiveCfg = Release|Any CPU
		{7A19C7C9-8F2E-4727-BB64-3FDCDB4DA111}.Release|Any CPU.Build.0 = Release|Any CPU
	EndGlobalSection
	GlobalSection(SolutionProperties) = preSolution
		HideSolutionNode = FALSE
	EndGlobalSection
	GlobalSection(ExtensibilityGlobals) = postSolution
		SolutionGuid = {7DD526C8-9E0F-4098-A9C0-E9A2BA7038DC}
	EndGlobalSection
EndGlobal
